
Microsoft Visual Studio Solution File, Format Version 12.00
# Visual Studio 2013
VisualStudioVersion = 12.0.31101.0
MinimumVisualStudioVersion = 10.0.40219.1
Project("{FAE04EC0-301F-11D3-BF4B-00C04F79EFBC}") = "HangfireDemo", "HangfireDemo\HangfireDemo.csproj", "{99D3F778-14D9-4683-924B-6199E6ADD580}"
EndProject
Project("{FAE04EC0-301F-11D3-BF4B-00C04F79EFBC}") = "JobsRunner", "JobsRunner\JobsRunner.csproj", "{4D4555E8-A740-434A-BA54-E545DA7B7ADC}"
EndProject
Project("{FAE04EC0-301F-11D3-BF4B-00C04F79EFBC}") = "Jobs", "Jobs\Jobs.csproj", "{B6536668-9972-443B-972A-80DB61A4F634}"
EndProject
Global
	GlobalSection(SolutionConfigurationPlatforms) = preSolution
		Debug|Any CPU = Debug|Any CPU
		Release|Any CPU = Release|Any CPU
	EndGlobalSection
	GlobalSection(ProjectConfigurationPlatforms) = postSolution
		{99D3F778-14D9-4683-924B-6199E6ADD580}.Debug|Any CPU.ActiveCfg = Debug|Any CPU
		{99D3F778-14D9-4683-924B-6199E6ADD580}.Debug|Any CPU.Build.0 = Debug|Any CPU
		{99D3F778-14D9-4683-924B-6199E6ADD580}.Release|Any CPU.ActiveCfg = Release|Any CPU
		{99D3F778-14D9-4683-924B-6199E6ADD580}.Release|Any CPU.Build.0 = Release|Any CPU
		{4D4555E8-A740-434A-BA54-E545DA7B7ADC}.Debug|Any CPU.ActiveCfg = Debug|Any CPU
		{4D4555E8-A740-434A-BA54-E545DA7B7ADC}.Debug|Any CPU.Build.0 = Debug|Any CPU
		{4D4555E8-A740-434A-BA54-E545DA7B7ADC}.Release|Any CPU.ActiveCfg = Release|Any CPU
		{4D4555E8-A740-434A-BA54-E545DA7B7ADC}.Release|Any CPU.Build.0 = Release|Any CPU
		{B6536668-9972-443B-972A-80DB61A4F634}.Debug|Any CPU.ActiveCfg = Debug|Any CPU
		{B6536668-9972-443B-972A-80DB61A4F634}.Debug|Any CPU.Build.0 = Debug|Any CPU
		{B6536668-9972-443B-972A-80DB61A4F634}.Release|Any CPU.ActiveCfg = Release|Any CPU
		{B6536668-9972-443B-972A-80DB61A4F634}.Release|Any CPU.Build.0 = Release|Any CPU
	EndGlobalSection
	GlobalSection(SolutionProperties) = preSolution
		HideSolutionNode = FALSE
	EndGlobalSection
EndGlobal
